
Microsoft Visual Studio Solution File, Format Version 12.00
# Visual Studio Version 16
VisualStudioVersion = 16.0.30804.86
MinimumVisualStudioVersion = 10.0.40219.1
Project("{9A19103F-16F7-4668-BE54-9A1E7A4F7556}") = "SuperUnsafeCast", "SuperUnsafeCast\SuperUnsafeCast.csproj", "{3B2618B5-6C57-4DCE-8007-4F84696D12F7}"
EndProject
Global
	GlobalSection(SolutionConfigurationPlatforms) = preSolution
		Debug|Any CPU = Debug|Any CPU
		Release|Any CPU = Release|Any CPU
	EndGlobalSection
	GlobalSection(ProjectConfigurationPlatforms) = postSolution
		{3B2618B5-6C57-4DCE-8007-4F84696D12F7}.Debug|Any CPU.ActiveCfg = Debug|Any CPU
		{3B2618B5-6C57-4DCE-8007-4F84696D12F7}.Debug|Any CPU.Build.0 = Debug|Any CPU
		{3B2618B5-6C57-4DCE-8007-4F84696D12F7}.Release|Any CPU.ActiveCfg = Release|Any CPU
		{3B2618B5-6C57-4DCE-8007-4F84696D12F7}.Release|Any CPU.Build.0 = Release|Any CPU
	EndGlobalSection
	GlobalSection(SolutionProperties) = preSolution
		HideSolutionNode = FALSE
	EndGlobalSection
	GlobalSection(ExtensibilityGlobals) = postSolution
		SolutionGuid = {A88222ED-72F5-472E-B6CB-00C52A604F64}
	EndGlobalSection
EndGlobal
